<Solution>
  <Folder Name="/src/">
    <Project Path="src/CarteDeVoeuxDebiles.Api/CarteDeVoeuxDebiles.Api.csproj" />
    <Project Path="src/CarteDeVoeuxDebiles.Core/CarteDeVoeuxDebiles.Core.csproj" />
  </Folder>
  <Folder Name="/tests/">
    <Project Path="tests/CarteDeVoeuxDebiles.Core.Tests/CarteDeVoeuxDebiles.Core.Tests.csproj" />
  </Folder>
</Solution>
